
Microsoft Visual Studio Solution File, Format Version 12.00
# Visual Studio Version 16
VisualStudioVersion = 16.0.31911.196
MinimumVisualStudioVersion = 10.0.40219.1
Project("{9A19103F-16F7-4668-BE54-9A1E7A4F7556}") = "Task1", "Task1\Task1.csproj", "{37854A26-CA53-464C-857A-316AE15AA602}"
EndProject
Project("{FAE04EC0-301F-11D3-BF4B-00C04F79EFBC}") = "Task2", "Task2\Task2.csproj", "{4BF853AB-F41F-432B-9A36-4F84C471341B}"
EndProject
Global
	GlobalSection(SolutionConfigurationPlatforms) = preSolution
		Debug|Any CPU = Debug|Any CPU
		Release|Any CPU = Release|Any CPU
	EndGlobalSection
	GlobalSection(ProjectConfigurationPlatforms) = postSolution
		{37854A26-CA53-464C-857A-316AE15AA602}.Debug|Any CPU.ActiveCfg = Debug|Any CPU
		{37854A26-CA53-464C-857A-316AE15AA602}.Debug|Any CPU.Build.0 = Debug|Any CPU
		{37854A26-CA53-464C-857A-316AE15AA602}.Release|Any CPU.ActiveCfg = Release|Any CPU
		{37854A26-CA53-464C-857A-316AE15AA602}.Release|Any CPU.Build.0 = Release|Any CPU
		{4BF853AB-F41F-432B-9A36-4F84C471341B}.Debug|Any CPU.ActiveCfg = Debug|Any CPU
		{4BF853AB-F41F-432B-9A36-4F84C471341B}.Debug|Any CPU.Build.0 = Debug|Any CPU
		{4BF853AB-F41F-432B-9A36-4F84C471341B}.Release|Any CPU.ActiveCfg = Release|Any CPU
		{4BF853AB-F41F-432B-9A36-4F84C471341B}.Release|Any CPU.Build.0 = Release|Any CPU
	EndGlobalSection
	GlobalSection(SolutionProperties) = preSolution
		HideSolutionNode = FALSE
	EndGlobalSection
	GlobalSection(ExtensibilityGlobals) = postSolution
		SolutionGuid = {8EA82013-FCB8-4253-9897-3020F33751AA}
	EndGlobalSection
EndGlobal
